
Microsoft Visual Studio Solution File, Format Version 12.00
# Visual Studio 14
VisualStudioVersion = 14.0.25420.1
MinimumVisualStudioVersion = 10.0.40219.1
Project("{8BC9CEB8-8B4A-11D0-8D11-00A0C91BC942}") = "compression", "compression\compression.vcxproj", "{E43C0386-D486-493E-BCDB-560A1FCE167E}"
EndProject
Project("{FAE04EC0-301F-11D3-BF4B-00C04F79EFBC}") = "compression.test", "compression.test\compression.test.csproj", "{CB2B2FA8-4062-4E54-9053-0FC028B76A61}"
EndProject
Project("{2150E333-8FDC-42A3-9474-1A3956D46DE8}") = "Solution Items", "Solution Items", "{0E8BFA1A-F609-47A5-9AB1-C1A55B069AE8}"
	ProjectSection(SolutionItems) = preProject
		default.runsettings = default.runsettings
		io.compression.msbuild = io.compression.msbuild
		README.md = README.md
	EndProjectSection
EndProject
Global
	GlobalSection(SolutionConfigurationPlatforms) = preSolution
		Debug|Win32 = Debug|Win32
		Debug|x64 = Debug|x64
		Release|Win32 = Release|Win32
		Release|x64 = Release|x64
	EndGlobalSection
	GlobalSection(ProjectConfigurationPlatforms) = postSolution
		{E43C0386-D486-493E-BCDB-560A1FCE167E}.Debug|Win32.ActiveCfg = Debug|Win32
		{E43C0386-D486-493E-BCDB-560A1FCE167E}.Debug|Win32.Build.0 = Debug|Win32
		{E43C0386-D486-493E-BCDB-560A1FCE167E}.Debug|x64.ActiveCfg = Debug|x64
		{E43C0386-D486-493E-BCDB-560A1FCE167E}.Debug|x64.Build.0 = Debug|x64
		{E43C0386-D486-493E-BCDB-560A1FCE167E}.Release|Win32.ActiveCfg = Release|Win32
		{E43C0386-D486-493E-BCDB-560A1FCE167E}.Release|Win32.Build.0 = Release|Win32
		{E43C0386-D486-493E-BCDB-560A1FCE167E}.Release|x64.ActiveCfg = Release|x64
		{E43C0386-D486-493E-BCDB-560A1FCE167E}.Release|x64.Build.0 = Release|x64
		{CB2B2FA8-4062-4E54-9053-0FC028B76A61}.Debug|Win32.ActiveCfg = Debug|x86
		{CB2B2FA8-4062-4E54-9053-0FC028B76A61}.Debug|Win32.Build.0 = Debug|x86
		{CB2B2FA8-4062-4E54-9053-0FC028B76A61}.Debug|x64.ActiveCfg = Debug|x64
		{CB2B2FA8-4062-4E54-9053-0FC028B76A61}.Debug|x64.Build.0 = Debug|x64
		{CB2B2FA8-4062-4E54-9053-0FC028B76A61}.Release|Win32.ActiveCfg = Release|x86
		{CB2B2FA8-4062-4E54-9053-0FC028B76A61}.Release|Win32.Build.0 = Release|x86
		{CB2B2FA8-4062-4E54-9053-0FC028B76A61}.Release|x64.ActiveCfg = Release|x64
		{CB2B2FA8-4062-4E54-9053-0FC028B76A61}.Release|x64.Build.0 = Release|x64
	EndGlobalSection
	GlobalSection(SolutionProperties) = preSolution
		HideSolutionNode = FALSE
	EndGlobalSection
EndGlobal
