<?xml version="1.0" encoding="utf-8"?>
<Project ToolsVersion="4.0" xmlns="http://schemas.microsoft.com/developer/msbuild/2003">
  <ItemGroup>
    <Filter Include="Source Files">
      <UniqueIdentifier>{4FC737F1-C7A5-4376-A066-2A32D752A2FF}</UniqueIdentifier>
      <Extensions>cpp;c;cc;cxx;def;odl;idl;hpj;bat;asm;asmx</Extensions>
    </Filter>
    <Filter Include="Header Files">
      <UniqueIdentifier>{93995380-89BD-4b04-88EB-625FBE52EBFB}</UniqueIdentifier>
      <Extensions>h;hh;hpp;hxx;hm;inl;inc;xsd</Extensions>
    </Filter>
    <Filter Include="Resource Files">
      <UniqueIdentifier>{67DA6AB6-F800-4c08-8B7A-83BB121AAD01}</UniqueIdentifier>
      <Extensions>rc;ico;cur;bmp;dlg;rc2;rct;bin;rgs;gif;jpg;jpeg;jpe;resx;tiff;tif;png;wav;mfcribbon-ms</Extensions>
    </Filter>
    <Filter Include="External Libraries">
      <UniqueIdentifier>{90121046-7d0c-4d30-a387-04738088cfd3}</UniqueIdentifier>
      <SourceControlFiles>False</SourceControlFiles>
    </Filter>
    <Filter Include="External Libraries\bzip2">
      <UniqueIdentifier>{47ed5075-223e-4f18-bf2c-9a20abdd3ff9}</UniqueIdentifier>
    </Filter>
    <Filter Include="External Libraries\lz4">
      <UniqueIdentifier>{3d5967d5-c620-47d1-aa3a-39f737ad109d}</UniqueIdentifier>
    </Filter>
    <Filter Include="External Libraries\lzma">
      <UniqueIdentifier>{6f96527f-25c2-463e-9209-1346eb38aa45}</UniqueIdentifier>
    </Filter>
    <Filter Include="External Libraries\zlib">
      <UniqueIdentifier>{81f34e85-f060-4a37-9ca3-74d0c163ab52}</UniqueIdentifier>
    </Filter>
  </ItemGroup>
  <ItemGroup>
    <ClInclude Include="stdafx.h">
      <Filter>Header Files</Filter>
    </ClInclude>
    <ClInclude Include="..\..\external-bzip2\bzlib.h">
      <Filter>External Libraries\bzip2</Filter>
    </ClInclude>
    <ClInclude Include="..\..\external-lz4\lib\lz4.h">
      <Filter>External Libraries\lz4</Filter>
    </ClInclude>
    <ClInclude Include="..\..\external-zlib\zconf.h">
      <Filter>External Libraries\zlib</Filter>
    </ClInclude>
    <ClInclude Include="..\..\external-zlib\zlib.h">
      <Filter>External Libraries\zlib</Filter>
    </ClInclude>
    <ClInclude Include="Bzip2Exception.h">
      <Filter>Header Files</Filter>
    </ClInclude>
    <ClInclude Include="GzipException.h">
      <Filter>Header Files</Filter>
    </ClInclude>
    <ClInclude Include="Lz4LegacyReader.h">
      <Filter>Header Files</Filter>
    </ClInclude>
    <ClInclude Include="GzipReader.h">
      <Filter>Header Files</Filter>
    </ClInclude>
    <ClInclude Include="GzipWriter.h">
      <Filter>Header Files</Filter>
    </ClInclude>
    <ClInclude Include="Bzip2Reader.h">
      <Filter>Header Files</Filter>
    </ClInclude>
    <ClInclude Include="Bzip2Writer.h">
      <Filter>Header Files</Filter>
    </ClInclude>
    <ClInclude Include="Lz4LegacyWriter.h">
      <Filter>Header Files</Filter>
    </ClInclude>
    <ClInclude Include="..\..\external-lz4\lib\lz4hc.h">
      <Filter>External Libraries\lz4</Filter>
    </ClInclude>
    <ClInclude Include="Lz4Reader.h">
      <Filter>Header Files</Filter>
    </ClInclude>
    <ClInclude Include="Lz4Writer.h">
      <Filter>Header Files</Filter>
    </ClInclude>
    <ClInclude Include="Lz4Exception.h">
      <Filter>Header Files</Filter>
    </ClInclude>
    <ClInclude Include="..\..\external-lz4\lib\lz4frame.h">
      <Filter>External Libraries\lz4</Filter>
    </ClInclude>
    <ClInclude Include="..\..\external-lz4\lib\xxhash.h">
      <Filter>External Libraries\lz4</Filter>
    </ClInclude>
    <ClInclude Include="LzmaReader.h">
      <Filter>Header Files</Filter>
    </ClInclude>
    <ClInclude Include="LzmaEncoder.h">
      <Filter>Header Files</Filter>
    </ClInclude>
    <ClInclude Include="..\..\external-lzma\C\LzmaEnc.h">
      <Filter>External Libraries\lzma</Filter>
    </ClInclude>
    <ClInclude Include="LzmaException.h">
      <Filter>Header Files</Filter>
    </ClInclude>
    <ClInclude Include="XzReader.h">
      <Filter>Header Files</Filter>
    </ClInclude>
    <ClInclude Include="XzEncoder.h">
      <Filter>Header Files</Filter>
    </ClInclude>
    <ClInclude Include="..\..\external-lzma\C\XzEnc.h">
      <Filter>External Libraries\lzma</Filter>
    </ClInclude>
    <ClInclude Include="..\..\external-lzma\C\7zCrc.h">
      <Filter>External Libraries\lzma</Filter>
    </ClInclude>
    <ClInclude Include="..\..\external-lzma\C\Xz.h">
      <Filter>External Libraries\lzma</Filter>
    </ClInclude>
    <ClInclude Include="Encoder.h">
      <Filter>Header Files</Filter>
    </ClInclude>
    <ClInclude Include="Bzip2Encoder.h">
      <Filter>Header Files</Filter>
    </ClInclude>
    <ClInclude Include="GzipEncoder.h">
      <Filter>Header Files</Filter>
    </ClInclude>
    <ClInclude Include="GzipCompressionStrategy.h">
      <Filter>Header Files</Filter>
    </ClInclude>
    <ClInclude Include="GzipCompressionLevel.h">
      <Filter>Header Files</Filter>
    </ClInclude>
    <ClInclude Include="Bzip2CompressionLevel.h">
      <Filter>Header Files</Filter>
    </ClInclude>
    <ClInclude Include="Bzip2WorkFactor.h">
      <Filter>Header Files</Filter>
    </ClInclude>
    <ClInclude Include="Lz4CompressionLevel.h">
      <Filter>Header Files</Filter>
    </ClInclude>
    <ClInclude Include="Lz4LegacyEncoder.h">
      <Filter>Header Files</Filter>
    </ClInclude>
    <ClInclude Include="Lz4BlockSize.h">
      <Filter>Header Files</Filter>
    </ClInclude>
    <ClInclude Include="Lz4BlockMode.h">
      <Filter>Header Files</Filter>
    </ClInclude>
    <ClInclude Include="Lz4ContentChecksum.h">
      <Filter>Header Files</Filter>
    </ClInclude>
    <ClInclude Include="Lz4Encoder.h">
      <Filter>Header Files</Filter>
    </ClInclude>
    <ClInclude Include="LzmaCompressionLevel.h">
      <Filter>Header Files</Filter>
    </ClInclude>
    <ClInclude Include="LzmaDictionarySize.h">
      <Filter>Header Files</Filter>
    </ClInclude>
    <ClInclude Include="LzmaMatchFindMode.h">
      <Filter>Header Files</Filter>
    </ClInclude>
    <ClInclude Include="LzmaCompressionMode.h">
      <Filter>Header Files</Filter>
    </ClInclude>
    <ClInclude Include="LzmaLiteralContextBits.h">
      <Filter>Header Files</Filter>
    </ClInclude>
    <ClInclude Include="LzmaLiteralPositionBits.h">
      <Filter>Header Files</Filter>
    </ClInclude>
    <ClInclude Include="LzmaPositionBits.h">
      <Filter>Header Files</Filter>
    </ClInclude>
    <ClInclude Include="LzmaFastBytes.h">
      <Filter>Header Files</Filter>
    </ClInclude>
    <ClInclude Include="LzmaHashBytes.h">
      <Filter>Header Files</Filter>
    </ClInclude>
    <ClInclude Include="LzmaMatchFindPasses.h">
      <Filter>Header Files</Filter>
    </ClInclude>
    <ClInclude Include="GzipMemoryUsageLevel.h">
      <Filter>Header Files</Filter>
    </ClInclude>
    <ClInclude Include="Lzma2BlockSize.h">
      <Filter>Header Files</Filter>
    </ClInclude>
    <ClInclude Include="Lzma2MaximumThreads.h">
      <Filter>Header Files</Filter>
    </ClInclude>
    <ClInclude Include="Lzma2ThreadsPerBlock.h">
      <Filter>Header Files</Filter>
    </ClInclude>
    <ClInclude Include="XzChecksum.h">
      <Filter>Header Files</Filter>
    </ClInclude>
  </ItemGroup>
  <ItemGroup>
    <ClCompile Include="stdafx.cpp">
      <Filter>Source Files</Filter>
    </ClCompile>
    <ClCompile Include="tmp\version.cpp">
      <Filter>Source Files</Filter>
    </ClCompile>
    <ClCompile Include="AssemblyInfo.cpp">
      <Filter>Source Files</Filter>
    </ClCompile>
    <ClCompile Include="..\..\external-bzip2\blocksort.c">
      <Filter>External Libraries\bzip2</Filter>
    </ClCompile>
    <ClCompile Include="..\..\external-bzip2\bzcompress.c">
      <Filter>External Libraries\bzip2</Filter>
    </ClCompile>
    <ClCompile Include="..\..\external-bzip2\bzlib.c">
      <Filter>External Libraries\bzip2</Filter>
    </ClCompile>
    <ClCompile Include="..\..\external-bzip2\crctable.c">
      <Filter>External Libraries\bzip2</Filter>
    </ClCompile>
    <ClCompile Include="..\..\external-bzip2\decompress.c">
      <Filter>External Libraries\bzip2</Filter>
    </ClCompile>
    <ClCompile Include="..\..\external-bzip2\huffman.c">
      <Filter>External Libraries\bzip2</Filter>
    </ClCompile>
    <ClCompile Include="..\..\external-bzip2\randtable.c">
      <Filter>External Libraries\bzip2</Filter>
    </ClCompile>
    <ClCompile Include="bz_internal_error.cpp">
      <Filter>Source Files</Filter>
    </ClCompile>
    <ClCompile Include="..\..\external-lz4\lib\lz4.c">
      <Filter>External Libraries\lz4</Filter>
    </ClCompile>
    <ClCompile Include="..\..\external-lzma\C\LzmaDec.c">
      <Filter>External Libraries\lzma</Filter>
    </ClCompile>
    <ClCompile Include="..\..\external-zlib\adler32.c">
      <Filter>External Libraries\zlib</Filter>
    </ClCompile>
    <ClCompile Include="..\..\external-zlib\crc32.c">
      <Filter>External Libraries\zlib</Filter>
    </ClCompile>
    <ClCompile Include="..\..\external-zlib\inffast.c">
      <Filter>External Libraries\zlib</Filter>
    </ClCompile>
    <ClCompile Include="..\..\external-zlib\inflate.c">
      <Filter>External Libraries\zlib</Filter>
    </ClCompile>
    <ClCompile Include="..\..\external-zlib\inftrees.c">
      <Filter>External Libraries\zlib</Filter>
    </ClCompile>
    <ClCompile Include="..\..\external-zlib\zutil.c">
      <Filter>External Libraries\zlib</Filter>
    </ClCompile>
    <ClCompile Include="..\..\external-zlib\deflate.c">
      <Filter>External Libraries\zlib</Filter>
    </ClCompile>
    <ClCompile Include="..\..\external-zlib\trees.c">
      <Filter>External Libraries\zlib</Filter>
    </ClCompile>
    <ClCompile Include="Bzip2Exception.cpp">
      <Filter>Source Files</Filter>
    </ClCompile>
    <ClCompile Include="GzipException.cpp">
      <Filter>Source Files</Filter>
    </ClCompile>
    <ClCompile Include="Lz4LegacyReader.cpp">
      <Filter>Source Files</Filter>
    </ClCompile>
    <ClCompile Include="GzipReader.cpp">
      <Filter>Source Files</Filter>
    </ClCompile>
    <ClCompile Include="GzipWriter.cpp">
      <Filter>Source Files</Filter>
    </ClCompile>
    <ClCompile Include="Bzip2Reader.cpp">
      <Filter>Source Files</Filter>
    </ClCompile>
    <ClCompile Include="Bzip2Writer.cpp">
      <Filter>Source Files</Filter>
    </ClCompile>
    <ClCompile Include="Lz4LegacyWriter.cpp">
      <Filter>Source Files</Filter>
    </ClCompile>
    <ClCompile Include="..\..\external-lz4\lib\lz4hc.c">
      <Filter>External Libraries\lz4</Filter>
    </ClCompile>
    <ClCompile Include="Lz4Reader.cpp">
      <Filter>Source Files</Filter>
    </ClCompile>
    <ClCompile Include="Lz4Writer.cpp">
      <Filter>Source Files</Filter>
    </ClCompile>
    <ClCompile Include="Lz4Exception.cpp">
      <Filter>Source Files</Filter>
    </ClCompile>
    <ClCompile Include="..\..\external-lz4\lib\lz4frame.c">
      <Filter>External Libraries\lz4</Filter>
    </ClCompile>
    <ClCompile Include="..\..\external-lz4\lib\xxhash.c">
      <Filter>External Libraries\lz4</Filter>
    </ClCompile>
    <ClCompile Include="LzmaReader.cpp">
      <Filter>Source Files</Filter>
    </ClCompile>
    <ClCompile Include="LzmaEncoder.cpp">
      <Filter>Source Files</Filter>
    </ClCompile>
    <ClCompile Include="..\..\external-lzma\C\LzFind.c">
      <Filter>External Libraries\lzma</Filter>
    </ClCompile>
    <ClCompile Include="..\..\external-lzma\C\LzFindMt.c">
      <Filter>External Libraries\lzma</Filter>
    </ClCompile>
    <ClCompile Include="..\..\external-lzma\C\LzmaEnc.c">
      <Filter>External Libraries\lzma</Filter>
    </ClCompile>
    <ClCompile Include="..\..\external-lzma\C\Threads.c">
      <Filter>External Libraries\lzma</Filter>
    </ClCompile>
    <ClCompile Include="LzmaException.cpp">
      <Filter>Source Files</Filter>
    </ClCompile>
    <ClCompile Include="XzReader.cpp">
      <Filter>Source Files</Filter>
    </ClCompile>
    <ClCompile Include="XzEncoder.cpp">
      <Filter>Source Files</Filter>
    </ClCompile>
    <ClCompile Include="..\..\external-lzma\C\XzEnc.c">
      <Filter>External Libraries\lzma</Filter>
    </ClCompile>
    <ClCompile Include="..\..\external-lzma\C\Lzma2Enc.c">
      <Filter>External Libraries\lzma</Filter>
    </ClCompile>
    <ClCompile Include="..\..\external-lzma\C\Xz.c">
      <Filter>External Libraries\lzma</Filter>
    </ClCompile>
    <ClCompile Include="..\..\external-lzma\C\MtCoder.c">
      <Filter>External Libraries\lzma</Filter>
    </ClCompile>
    <ClCompile Include="..\..\external-lzma\C\Sha256.c">
      <Filter>External Libraries\lzma</Filter>
    </ClCompile>
    <ClCompile Include="..\..\external-lzma\C\XzCrc64.c">
      <Filter>External Libraries\lzma</Filter>
    </ClCompile>
    <ClCompile Include="..\..\external-lzma\C\7zCrc.c">
      <Filter>External Libraries\lzma</Filter>
    </ClCompile>
    <ClCompile Include="..\..\external-lzma\C\XzDec.c">
      <Filter>External Libraries\lzma</Filter>
    </ClCompile>
    <ClCompile Include="..\..\external-lzma\C\Lzma2Dec.c">
      <Filter>External Libraries\lzma</Filter>
    </ClCompile>
    <ClCompile Include="..\..\external-lzma\C\Delta.c">
      <Filter>External Libraries\lzma</Filter>
    </ClCompile>
    <ClCompile Include="..\..\external-lzma\C\7zCrcOpt.c">
      <Filter>External Libraries\lzma</Filter>
    </ClCompile>
    <ClCompile Include="..\..\external-lzma\C\CpuArch.c">
      <Filter>External Libraries\lzma</Filter>
    </ClCompile>
    <ClCompile Include="..\..\external-lzma\C\XzCrc64Opt.c">
      <Filter>External Libraries\lzma</Filter>
    </ClCompile>
    <ClCompile Include="..\..\external-lzma\C\Alloc.c">
      <Filter>External Libraries\lzma</Filter>
    </ClCompile>
    <ClCompile Include="..\..\external-lzma\C\Bra.c">
      <Filter>External Libraries\lzma</Filter>
    </ClCompile>
    <ClCompile Include="..\..\external-lzma\C\Bra86.c">
      <Filter>External Libraries\lzma</Filter>
    </ClCompile>
    <ClCompile Include="..\..\external-lzma\C\BraIA64.c">
      <Filter>External Libraries\lzma</Filter>
    </ClCompile>
    <ClCompile Include="crcinit.cpp">
      <Filter>Source Files</Filter>
    </ClCompile>
    <ClCompile Include="Bzip2Encoder.cpp">
      <Filter>Source Files</Filter>
    </ClCompile>
    <ClCompile Include="GzipEncoder.cpp">
      <Filter>Source Files</Filter>
    </ClCompile>
    <ClCompile Include="GzipCompressionLevel.cpp">
      <Filter>Source Files</Filter>
    </ClCompile>
    <ClCompile Include="Bzip2CompressionLevel.cpp">
      <Filter>Source Files</Filter>
    </ClCompile>
    <ClCompile Include="Bzip2WorkFactor.cpp">
      <Filter>Source Files</Filter>
    </ClCompile>
    <ClCompile Include="Lz4CompressionLevel.cpp">
      <Filter>Source Files</Filter>
    </ClCompile>
    <ClCompile Include="Lz4LegacyEncoder.cpp">
      <Filter>Source Files</Filter>
    </ClCompile>
    <ClCompile Include="Lz4Encoder.cpp">
      <Filter>Source Files</Filter>
    </ClCompile>
    <ClCompile Include="LzmaCompressionLevel.cpp">
      <Filter>Source Files</Filter>
    </ClCompile>
    <ClCompile Include="LzmaDictionarySize.cpp">
      <Filter>Source Files</Filter>
    </ClCompile>
    <ClCompile Include="LzmaLiteralContextBits.cpp">
      <Filter>Source Files</Filter>
    </ClCompile>
    <ClCompile Include="LzmaLiteralPositionBits.cpp">
      <Filter>Source Files</Filter>
    </ClCompile>
    <ClCompile Include="LzmaPositionBits.cpp">
      <Filter>Source Files</Filter>
    </ClCompile>
    <ClCompile Include="LzmaFastBytes.cpp">
      <Filter>Source Files</Filter>
    </ClCompile>
    <ClCompile Include="LzmaHashBytes.cpp">
      <Filter>Source Files</Filter>
    </ClCompile>
    <ClCompile Include="LzmaMatchFindPasses.cpp">
      <Filter>Source Files</Filter>
    </ClCompile>
    <ClCompile Include="GzipMemoryUsageLevel.cpp">
      <Filter>Source Files</Filter>
    </ClCompile>
    <ClCompile Include="Lzma2BlockSize.cpp">
      <Filter>Source Files</Filter>
    </ClCompile>
    <ClCompile Include="Lzma2MaximumThreads.cpp">
      <Filter>Source Files</Filter>
    </ClCompile>
    <ClCompile Include="Lzma2ThreadsPerBlock.cpp">
      <Filter>Source Files</Filter>
    </ClCompile>
  </ItemGroup>
  <ItemGroup>
    <ResourceCompile Include="tmp\version.rc">
      <Filter>Resource Files</Filter>
    </ResourceCompile>
  </ItemGroup>
  <ItemGroup>
    <None Include="version.ini" />
    <None Include="compression.nuspec" />
    <None Include="compression.targets" />
  </ItemGroup>
  <ItemGroup>
    <EmbeddedResource Include="compression.resx">
      <Filter>Resource Files</Filter>
    </EmbeddedResource>
  </ItemGroup>
</Project>